
Microsoft Visual Studio Solution File, Format Version 12.00
# Visual Studio Version 16
VisualStudioVersion = 16.0.29503.13
MinimumVisualStudioVersion = 10.0.40219.1
Project("{2150E333-8FDC-42A3-9474-1A3956D46DE8}") = "android_test", "android_test", "{4019DB6C-0C4E-43B3-B97A-70F41BF86E65}"
EndProject
Project("{39E2626F-3545-4960-A6E8-258AD8476CE5}") = "android_test.Packaging", "android_test\android_test.Packaging\android_test.Packaging.androidproj", "{B5943786-E3E0-4DBA-942C-3BE133A63436}"
EndProject
Project("{8BC9CEB8-8B4A-11D0-8D11-00A0C91BC942}") = "android_test.NativeActivity", "android_test\android_test.NativeActivity\android_test.NativeActivity.vcxproj", "{01D963F1-AFF4-481D-BCF5-E549F8C4EAE6}"
EndProject
Global
	GlobalSection(SolutionConfigurationPlatforms) = preSolution
		Debug|ARM = Debug|ARM
		Debug|ARM64 = Debug|ARM64
		Debug|x64 = Debug|x64
		Debug|x86 = Debug|x86
		Release|ARM = Release|ARM
		Release|ARM64 = Release|ARM64
		Release|x64 = Release|x64
		Release|x86 = Release|x86
	EndGlobalSection
	GlobalSection(ProjectConfigurationPlatforms) = postSolution
		{B5943786-E3E0-4DBA-942C-3BE133A63436}.Debug|ARM.ActiveCfg = Debug|ARM
		{B5943786-E3E0-4DBA-942C-3BE133A63436}.Debug|ARM.Build.0 = Debug|ARM
		{B5943786-E3E0-4DBA-942C-3BE133A63436}.Debug|ARM.Deploy.0 = Debug|ARM
		{B5943786-E3E0-4DBA-942C-3BE133A63436}.Debug|ARM64.ActiveCfg = Debug|ARM64
		{B5943786-E3E0-4DBA-942C-3BE133A63436}.Debug|ARM64.Build.0 = Debug|ARM64
		{B5943786-E3E0-4DBA-942C-3BE133A63436}.Debug|ARM64.Deploy.0 = Debug|ARM64
		{B5943786-E3E0-4DBA-942C-3BE133A63436}.Debug|x64.ActiveCfg = Debug|x64
		{B5943786-E3E0-4DBA-942C-3BE133A63436}.Debug|x64.Build.0 = Debug|x64
		{B5943786-E3E0-4DBA-942C-3BE133A63436}.Debug|x64.Deploy.0 = Debug|x64
		{B5943786-E3E0-4DBA-942C-3BE133A63436}.Debug|x86.ActiveCfg = Debug|x86
		{B5943786-E3E0-4DBA-942C-3BE133A63436}.Debug|x86.Build.0 = Debug|x86
		{B5943786-E3E0-4DBA-942C-3BE133A63436}.Debug|x86.Deploy.0 = Debug|x86
		{B5943786-E3E0-4DBA-942C-3BE133A63436}.Release|ARM.ActiveCfg = Release|ARM
		{B5943786-E3E0-4DBA-942C-3BE133A63436}.Release|ARM.Build.0 = Release|ARM
		{B5943786-E3E0-4DBA-942C-3BE133A63436}.Release|ARM.Deploy.0 = Release|ARM
		{B5943786-E3E0-4DBA-942C-3BE133A63436}.Release|ARM64.ActiveCfg = Release|ARM64
		{B5943786-E3E0-4DBA-942C-3BE133A63436}.Release|ARM64.Build.0 = Release|ARM64
		{B5943786-E3E0-4DBA-942C-3BE133A63436}.Release|ARM64.Deploy.0 = Release|ARM64
		{B5943786-E3E0-4DBA-942C-3BE133A63436}.Release|x64.ActiveCfg = Release|x64
		{B5943786-E3E0-4DBA-942C-3BE133A63436}.Release|x64.Build.0 = Release|x64
		{B5943786-E3E0-4DBA-942C-3BE133A63436}.Release|x64.Deploy.0 = Release|x64
		{B5943786-E3E0-4DBA-942C-3BE133A63436}.Release|x86.ActiveCfg = Release|x86
		{B5943786-E3E0-4DBA-942C-3BE133A63436}.Release|x86.Build.0 = Release|x86
		{B5943786-E3E0-4DBA-942C-3BE133A63436}.Release|x86.Deploy.0 = Release|x86
		{01D963F1-AFF4-481D-BCF5-E549F8C4EAE6}.Debug|ARM.ActiveCfg = Debug|ARM
		{01D963F1-AFF4-481D-BCF5-E549F8C4EAE6}.Debug|ARM.Build.0 = Debug|ARM
		{01D963F1-AFF4-481D-BCF5-E549F8C4EAE6}.Debug|ARM64.ActiveCfg = Debug|ARM64
		{01D963F1-AFF4-481D-BCF5-E549F8C4EAE6}.Debug|ARM64.Build.0 = Debug|ARM64
		{01D963F1-AFF4-481D-BCF5-E549F8C4EAE6}.Debug|x64.ActiveCfg = Debug|x64
		{01D963F1-AFF4-481D-BCF5-E549F8C4EAE6}.Debug|x64.Build.0 = Debug|x64
		{01D963F1-AFF4-481D-BCF5-E549F8C4EAE6}.Debug|x86.ActiveCfg = Debug|x86
		{01D963F1-AFF4-481D-BCF5-E549F8C4EAE6}.Debug|x86.Build.0 = Debug|x86
		{01D963F1-AFF4-481D-BCF5-E549F8C4EAE6}.Release|ARM.ActiveCfg = Release|ARM
		{01D963F1-AFF4-481D-BCF5-E549F8C4EAE6}.Release|ARM.Build.0 = Release|ARM
		{01D963F1-AFF4-481D-BCF5-E549F8C4EAE6}.Release|ARM64.ActiveCfg = Release|ARM64
		{01D963F1-AFF4-481D-BCF5-E549F8C4EAE6}.Release|ARM64.Build.0 = Release|ARM64
		{01D963F1-AFF4-481D-BCF5-E549F8C4EAE6}.Release|x64.ActiveCfg = Release|x64
		{01D963F1-AFF4-481D-BCF5-E549F8C4EAE6}.Release|x64.Build.0 = Release|x64
		{01D963F1-AFF4-481D-BCF5-E549F8C4EAE6}.Release|x86.ActiveCfg = Release|x86
		{01D963F1-AFF4-481D-BCF5-E549F8C4EAE6}.Release|x86.Build.0 = Release|x86
	EndGlobalSection
	GlobalSection(SolutionProperties) = preSolution
		HideSolutionNode = FALSE
	EndGlobalSection
	GlobalSection(NestedProjects) = preSolution
		{B5943786-E3E0-4DBA-942C-3BE133A63436} = {4019DB6C-0C4E-43B3-B97A-70F41BF86E65}
		{01D963F1-AFF4-481D-BCF5-E549F8C4EAE6} = {4019DB6C-0C4E-43B3-B97A-70F41BF86E65}
	EndGlobalSection
	GlobalSection(ExtensibilityGlobals) = postSolution
		SolutionGuid = {F4D35B16-1760-43F0-A6BC-DA0D2309C53E}
	EndGlobalSection
EndGlobal
